
Microsoft Visual Studio Solution File, Format Version 12.00
# Visual Studio Version 17
VisualStudioVersion = 17.0.31903.59
MinimumVisualStudioVersion = 10.0.40219.1
Project("{FAE04EC0-301F-11D3-BF4B-00C04F79EFBC}") = "MVC", "MVC\MVC.csproj", "{C74C52F9-0326-43B4-9F82-A87F59F5ED4E}"
EndProject
Global
	GlobalSection(SolutionConfigurationPlatforms) = preSolution
		Debug|Any CPU = Debug|Any CPU
		Release|Any CPU = Release|Any CPU
	EndGlobalSection
	GlobalSection(SolutionProperties) = preSolution
		HideSolutionNode = FALSE
	EndGlobalSection
	GlobalSection(ProjectConfigurationPlatforms) = postSolution
		{C74C52F9-0326-43B4-9F82-A87F59F5ED4E}.Debug|Any CPU.ActiveCfg = Debug|Any CPU
		{C74C52F9-0326-43B4-9F82-A87F59F5ED4E}.Debug|Any CPU.Build.0 = Debug|Any CPU
		{C74C52F9-0326-43B4-9F82-A87F59F5ED4E}.Release|Any CPU.ActiveCfg = Release|Any CPU
		{C74C52F9-0326-43B4-9F82-A87F59F5ED4E}.Release|Any CPU.Build.0 = Release|Any CPU
	EndGlobalSection
EndGlobal
